
Microsoft Visual Studio Solution File, Format Version 12.00
# Visual Studio Version 17
VisualStudioVersion = 17.11.35303.130
MinimumVisualStudioVersion = 10.0.40219.1
Project("{FAE04EC0-301F-11D3-BF4B-00C04F79EFBC}") = "WindowsFormsApp6", "WindowsFormsApp6.csproj", "{BDFF9BAE-1304-40E4-A5FC-E936A3451FF5}"
EndProject
Global
	GlobalSection(SolutionConfigurationPlatforms) = preSolution
		Debug|Any CPU = Debug|Any CPU
		Release|Any CPU = Release|Any CPU
	EndGlobalSection
	GlobalSection(ProjectConfigurationPlatforms) = postSolution
		{BDFF9BAE-1304-40E4-A5FC-E936A3451FF5}.Debug|Any CPU.ActiveCfg = Debug|Any CPU
		{BDFF9BAE-1304-40E4-A5FC-E936A3451FF5}.Debug|Any CPU.Build.0 = Debug|Any CPU
		{BDFF9BAE-1304-40E4-A5FC-E936A3451FF5}.Release|Any CPU.ActiveCfg = Release|Any CPU
		{BDFF9BAE-1304-40E4-A5FC-E936A3451FF5}.Release|Any CPU.Build.0 = Release|Any CPU
	EndGlobalSection
	GlobalSection(SolutionProperties) = preSolution
		HideSolutionNode = FALSE
	EndGlobalSection
	GlobalSection(ExtensibilityGlobals) = postSolution
		SolutionGuid = {5D5BA64F-9808-4C00-A906-C03889A850F3}
	EndGlobalSection
EndGlobal
